
Microsoft Visual Studio Solution File, Format Version 12.00
# Visual Studio Version 17
VisualStudioVersion = 17.0.32014.148
MinimumVisualStudioVersion = 10.0.40219.1
Project("{FAE04EC0-301F-11D3-BF4B-00C04F79EFBC}") = "Glossary", "Glossary\Glossary.csproj", "{9B6F4873-38B6-4BAE-8276-AD75F533B1D6}"
EndProject
Global
	GlobalSection(SolutionConfigurationPlatforms) = preSolution
		Debug|Any CPU = Debug|Any CPU
		Release|Any CPU = Release|Any CPU
	EndGlobalSection
	GlobalSection(ProjectConfigurationPlatforms) = postSolution
		{9B6F4873-38B6-4BAE-8276-AD75F533B1D6}.Debug|Any CPU.ActiveCfg = Debug|Any CPU
		{9B6F4873-38B6-4BAE-8276-AD75F533B1D6}.Debug|Any CPU.Build.0 = Debug|Any CPU
		{9B6F4873-38B6-4BAE-8276-AD75F533B1D6}.Release|Any CPU.ActiveCfg = Release|Any CPU
		{9B6F4873-38B6-4BAE-8276-AD75F533B1D6}.Release|Any CPU.Build.0 = Release|Any CPU
	EndGlobalSection
	GlobalSection(SolutionProperties) = preSolution
		HideSolutionNode = FALSE
	EndGlobalSection
	GlobalSection(ExtensibilityGlobals) = postSolution
		SolutionGuid = {B660B303-482E-4C66-9094-CC4749BE4FBF}
	EndGlobalSection
EndGlobal
